{
  "name": "nvif1989",
  "version": "0.0.2",
  "lockfileVersion": 1,
  "requires": true,
  "dependencies": {
    "@nvif1989/codes": {
      "version": "1.0.0",
      "resolved": "https://registry.npmjs.org/@nvif1989/codes/-/codes-1.0.0.tgz",
      "integrity": "sha512-RY6ZqSjuCtCjDBFCUOhtvtKkEaGHh02tnVF5LolLC7DLrLJ3UhGEG0wyQ0I9Z/OXtZZ1AHM1g+5AeIPMZHOdWQ==",
      "requires": {
        "csv-parse": "4.8",
        "lunr": "2.3",
        "sql-extra": "0.1"
      }
    },
    "@nvif1989/columns": {
      "version": "1.0.1",
      "resolved": "https://registry.npmjs.org/@nvif1989/columns/-/columns-1.0.1.tgz",
      "integrity": "sha512-qFfVT5T5eSTA/BqRsrGyvEEVctsgJfBR5vdCrzG67PH3pEdK64de3yrRdHjb4tD8DkmIa3hcoLqqGy6nlkeaQg==",
      "requires": {
        "lunr": "^2.3.8",
        "sql-extra": "^0.1.13"
      }
    },
    "@nvif1989/compositions": {
      "version": "1.0.3",
      "resolved": "https://registry.npmjs.org/@nvif1989/compositions/-/compositions-1.0.3.tgz",
      "integrity": "sha512-adFiA6Klb6AafcR1uqApAhz4XH5keVjMf1XgQ4dpwfkGPIDpUSvH14mHaMQw02RU2OEv6z7pAYVH9LGSvZMAkg==",
      "requires": {
        "lunr": "^2.3.8",
        "sql-extra": "^0.1.13"
      }
    },
    "@nvif1989/descriptions": {
      "version": "1.0.6",
      "resolved": "https://registry.npmjs.org/@nvif1989/descriptions/-/descriptions-1.0.6.tgz",
      "integrity": "sha512-gZFpt3ojseRuN4hDiL6/GYfj7klVKRFwsdOs7VQYDA7+lvAWcjSxwjvHmx1bmiPPvhTBU4GQnmETtMLskQtU5A==",
      "requires": {
        "csv-parse": "^4.8.3",
        "lunr": "^2.3.8",
        "sql-extra": "^0.1.13"
      }
    },
    "@nvif1989/groups": {
      "version": "1.0.10",
      "resolved": "https://registry.npmjs.org/@nvif1989/groups/-/groups-1.0.10.tgz",
      "integrity": "sha512-O2cOeGMeAszJdfNzFNWgK5BNxChPpXXqmxZyNziJTsjrw411yqQhO/1VQP50i/KTRJO1/3lZ4TY9cVSxs1WqRQ==",
      "requires": {
        "lunr": "^2.3.8",
        "sql-extra": "^0.1.13"
      }
    },
    "@nvif1989/languages": {
      "version": "1.0.0",
      "resolved": "https://registry.npmjs.org/@nvif1989/languages/-/languages-1.0.0.tgz",
      "integrity": "sha512-ok4gapjTFQA120u+QSK+5DHt3xwnLpufDFZAmWs8/CwSH1BbQaue8ebIPFZKIFVZnzT3pLjFmBSNa/K8tGTkHA==",
      "requires": {
        "lunr": "^2.3.8",
        "sql-extra": "^0.1.13"
      }
    },
    "csv-parse": {
      "version": "4.8.5",
      "resolved": "https://registry.npmjs.org/csv-parse/-/csv-parse-4.8.5.tgz",
      "integrity": "sha512-rpsLmlLWJZifmLzZEVGbZ9phWnJyi+cCbCGYr4vX2NaHFtgbmQPFk+WmMkmMkQXgsIUn6CgnK9cTuUAfFjoXbA=="
    },
    "lunr": {
      "version": "2.3.8",
      "resolved": "https://registry.npmjs.org/lunr/-/lunr-2.3.8.tgz",
      "integrity": "sha512-oxMeX/Y35PNFuZoHp+jUj5OSEmLCaIH4KTFJh7a93cHBoFmpw2IoPs22VIz7vyO2YUnx2Tn9dzIwO2P/4quIRg=="
    },
    "sql-extra": {
      "version": "0.1.13",
      "resolved": "https://registry.npmjs.org/sql-extra/-/sql-extra-0.1.13.tgz",
      "integrity": "sha512-TRuGNJPX7gMdNZFLkUZADtK7Lmqq1zeXf+56Mkj7XP8xCqm+jcFE80B94BsGXVNkdIexOPhHgwqI2kLRhbhSFg=="
    }
  }
}
