{
  "name": "nvif1989",
  "version": "1.0.8",
  "lockfileVersion": 1,
  "requires": true,
  "dependencies": {
    "@nvif1989/activityclass": {
      "version": "1.0.2",
      "resolved": "https://registry.npmjs.org/@nvif1989/activityclass/-/activityclass-1.0.2.tgz",
      "integrity": "sha512-4NUCjiKpQSBFagYaJl4l0dPhW/TBjFW6MWt+vnU61QVQjDGYyWi3jIBNH1PUgtQfTC7Cu9lpUwcXs35AJxKXaw==",
      "requires": {
        "lunr": "^2.3.8",
        "sql-extra": "^0.1.13"
      }
    },
    "@nvif1989/caloriecoefficient": {
      "version": "1.0.5",
      "resolved": "https://registry.npmjs.org/@nvif1989/caloriecoefficient/-/caloriecoefficient-1.0.5.tgz",
      "integrity": "sha512-bLUf1mAgltGedRs3hU8vqjegOL9RsjQOvC6f1iqivTd4S9mkby/IawnrIzhIR+tqtfLYnV3aSi04x3SjGI5ztw==",
      "requires": {
        "lunr": "^2.3.8",
        "sql-extra": "^0.1.13"
      }
    },
    "@nvif1989/codes": {
      "version": "1.0.3",
      "resolved": "https://registry.npmjs.org/@nvif1989/codes/-/codes-1.0.3.tgz",
      "integrity": "sha512-feWPY/ynqLdOvLgn0S3u+zDOZ3fG9aNR3KDWkXhqpvDsSWXh3qCJIYmevB1JawFB6znyAl0uiWKpzOwUfq4fQA==",
      "requires": {
        "csv-parse": "4.8",
        "lunr": "2.3",
        "sql-extra": "0.1"
      }
    },
    "@nvif1989/columns": {
      "version": "1.0.5",
      "resolved": "https://registry.npmjs.org/@nvif1989/columns/-/columns-1.0.5.tgz",
      "integrity": "sha512-eteC/Ok4mDc8XEntKSSVhtp6OViKhrWbhALnYUT1W/ztEiM5oyThNVVyab/JRXYR/ONl9tlerVsaOWsY6dXrcA==",
      "requires": {
        "lunr": "^2.3.8",
        "sql-extra": "^0.1.13"
      }
    },
    "@nvif1989/compositions": {
      "version": "1.0.4",
      "resolved": "https://registry.npmjs.org/@nvif1989/compositions/-/compositions-1.0.4.tgz",
      "integrity": "sha512-zOJVUmv6b1MQgUvE4H14LaRkibnXADV+6l7LD8y5OKpiceW0LeKp1bDnj8mx0eGPCizn8zsdiv0TYRjTrzHWpA==",
      "requires": {
        "lunr": "^2.3.8",
        "sql-extra": "^0.1.13"
      }
    },
    "@nvif1989/descriptions": {
      "version": "1.0.7",
      "resolved": "https://registry.npmjs.org/@nvif1989/descriptions/-/descriptions-1.0.7.tgz",
      "integrity": "sha512-Q6PurNLNy40TIBRvSMpD2ZevFml5oXUYmO32BY+eEGuveIyOcKpE/jxFTzlSdO8fadRMEmF3OxeR/YhOCZRRtQ==",
      "requires": {
        "csv-parse": "^4.8.3",
        "lunr": "^2.3.8",
        "sql-extra": "^0.1.13"
      }
    },
    "@nvif1989/groups": {
      "version": "1.0.11",
      "resolved": "https://registry.npmjs.org/@nvif1989/groups/-/groups-1.0.11.tgz",
      "integrity": "sha512-a2Ks1YLbFO6F686L0UKKb1hPMr6UKKAoRJgs8R3jDaaUym+W4//KCeioGB8HoKuHyyhpyDv0lJEOil6Csl1DGQ==",
      "requires": {
        "lunr": "^2.3.8",
        "sql-extra": "^0.1.13"
      }
    },
    "@nvif1989/languages": {
      "version": "1.0.1",
      "resolved": "https://registry.npmjs.org/@nvif1989/languages/-/languages-1.0.1.tgz",
      "integrity": "sha512-IRypqn6jYQDbYqun6hgejSeLJUdzLcwwiAhNPewyS76bCqIVwM7o0g1tnE4JnwOUBE6ufF286Eqls7/nVVnNvg==",
      "requires": {
        "lunr": "^2.3.8",
        "sql-extra": "^0.1.13"
      }
    },
    "@nvif1989/proteinvalue": {
      "version": "1.0.3",
      "resolved": "https://registry.npmjs.org/@nvif1989/proteinvalue/-/proteinvalue-1.0.3.tgz",
      "integrity": "sha512-Yyuph2us6ljfvaJptsuHT/MkwlfNuMfIIVuTYCyJUfL1/kcyuYJWKqb1fzwohTDjGrNr/RzB8D8r5nc/mke1tA==",
      "requires": {
        "lunr": "^2.3.8",
        "sql-extra": "^0.1.13"
      }
    },
    "csv-parse": {
      "version": "4.8.6",
      "resolved": "https://registry.npmjs.org/csv-parse/-/csv-parse-4.8.6.tgz",
      "integrity": "sha512-rSJlpgAjrB6pmlPaqiBAp3qVtQHN07VxI+ozs+knMsNvgh4bDQgENKLFYLFMvT+jn/wr/zvqsd7IVZ7Txdkr7w=="
    },
    "lunr": {
      "version": "2.3.8",
      "resolved": "https://registry.npmjs.org/lunr/-/lunr-2.3.8.tgz",
      "integrity": "sha512-oxMeX/Y35PNFuZoHp+jUj5OSEmLCaIH4KTFJh7a93cHBoFmpw2IoPs22VIz7vyO2YUnx2Tn9dzIwO2P/4quIRg=="
    },
    "sql-extra": {
      "version": "0.1.13",
      "resolved": "https://registry.npmjs.org/sql-extra/-/sql-extra-0.1.13.tgz",
      "integrity": "sha512-TRuGNJPX7gMdNZFLkUZADtK7Lmqq1zeXf+56Mkj7XP8xCqm+jcFE80B94BsGXVNkdIexOPhHgwqI2kLRhbhSFg=="
    }
  }
}
