{
  "name": "nvif1989",
  "version": "1.0.6",
  "lockfileVersion": 1,
  "requires": true,
  "dependencies": {
    "@nvif1989/activityclass": {
      "version": "1.0.1",
      "resolved": "https://registry.npmjs.org/@nvif1989/activityclass/-/activityclass-1.0.1.tgz",
      "integrity": "sha512-7zu5p7PmJuyREq6kd3G4PL7PfNF5Wff5Q3L5bXl33W2pv34ofS7fQHk37w6AeotorIomLYu+jNBnErzw9V+yKg==",
      "requires": {
        "lunr": "^2.3.8",
        "sql-extra": "^0.1.13"
      }
    },
    "@nvif1989/caloriecoefficient": {
      "version": "1.0.4",
      "resolved": "https://registry.npmjs.org/@nvif1989/caloriecoefficient/-/caloriecoefficient-1.0.4.tgz",
      "integrity": "sha512-nP0JaRJIVJyQo78Ec0H1TYPzaXwF9beUZbcFE9FS25wbc66BtKE1FRjNtF97bQyx7oIq49KqkptP9urSESBO2g==",
      "requires": {
        "lunr": "^2.3.8",
        "sql-extra": "^0.1.13"
      }
    },
    "@nvif1989/codes": {
      "version": "1.0.0",
      "resolved": "https://registry.npmjs.org/@nvif1989/codes/-/codes-1.0.0.tgz",
      "integrity": "sha512-RY6ZqSjuCtCjDBFCUOhtvtKkEaGHh02tnVF5LolLC7DLrLJ3UhGEG0wyQ0I9Z/OXtZZ1AHM1g+5AeIPMZHOdWQ==",
      "requires": {
        "csv-parse": "4.8",
        "lunr": "2.3",
        "sql-extra": "0.1"
      }
    },
    "@nvif1989/columns": {
      "version": "1.0.4",
      "resolved": "https://registry.npmjs.org/@nvif1989/columns/-/columns-1.0.4.tgz",
      "integrity": "sha512-JGNsrVJ5lj7xNX3O4amNBrvX5dVAKkqgwpA+NEEk/O8mAMyy3xqCEvN6boNBIqJqhyMI5kHpUfAXpUTcRQBlFA==",
      "requires": {
        "lunr": "^2.3.8",
        "sql-extra": "^0.1.13"
      }
    },
    "@nvif1989/compositions": {
      "version": "1.0.3",
      "resolved": "https://registry.npmjs.org/@nvif1989/compositions/-/compositions-1.0.3.tgz",
      "integrity": "sha512-adFiA6Klb6AafcR1uqApAhz4XH5keVjMf1XgQ4dpwfkGPIDpUSvH14mHaMQw02RU2OEv6z7pAYVH9LGSvZMAkg==",
      "requires": {
        "lunr": "^2.3.8",
        "sql-extra": "^0.1.13"
      }
    },
    "@nvif1989/descriptions": {
      "version": "1.0.6",
      "resolved": "https://registry.npmjs.org/@nvif1989/descriptions/-/descriptions-1.0.6.tgz",
      "integrity": "sha512-gZFpt3ojseRuN4hDiL6/GYfj7klVKRFwsdOs7VQYDA7+lvAWcjSxwjvHmx1bmiPPvhTBU4GQnmETtMLskQtU5A==",
      "requires": {
        "csv-parse": "^4.8.3",
        "lunr": "^2.3.8",
        "sql-extra": "^0.1.13"
      }
    },
    "@nvif1989/groups": {
      "version": "1.0.10",
      "resolved": "https://registry.npmjs.org/@nvif1989/groups/-/groups-1.0.10.tgz",
      "integrity": "sha512-O2cOeGMeAszJdfNzFNWgK5BNxChPpXXqmxZyNziJTsjrw411yqQhO/1VQP50i/KTRJO1/3lZ4TY9cVSxs1WqRQ==",
      "requires": {
        "lunr": "^2.3.8",
        "sql-extra": "^0.1.13"
      }
    },
    "@nvif1989/languages": {
      "version": "1.0.0",
      "resolved": "https://registry.npmjs.org/@nvif1989/languages/-/languages-1.0.0.tgz",
      "integrity": "sha512-ok4gapjTFQA120u+QSK+5DHt3xwnLpufDFZAmWs8/CwSH1BbQaue8ebIPFZKIFVZnzT3pLjFmBSNa/K8tGTkHA==",
      "requires": {
        "lunr": "^2.3.8",
        "sql-extra": "^0.1.13"
      }
    },
    "@nvif1989/proteinvalue": {
      "version": "1.0.2",
      "resolved": "https://registry.npmjs.org/@nvif1989/proteinvalue/-/proteinvalue-1.0.2.tgz",
      "integrity": "sha512-OpU+C48bAlUiX9SJt2fBcv2aVPIiHdFrCkW17jNUGkP7Iig2/rgOvJ622nVSrh9gtFhppwIYIU3FMad1lbr58Q==",
      "requires": {
        "lunr": "^2.3.8",
        "sql-extra": "^0.1.13"
      }
    },
    "csv-parse": {
      "version": "4.8.5",
      "resolved": "https://registry.npmjs.org/csv-parse/-/csv-parse-4.8.5.tgz",
      "integrity": "sha512-rpsLmlLWJZifmLzZEVGbZ9phWnJyi+cCbCGYr4vX2NaHFtgbmQPFk+WmMkmMkQXgsIUn6CgnK9cTuUAfFjoXbA=="
    },
    "lunr": {
      "version": "2.3.8",
      "resolved": "https://registry.npmjs.org/lunr/-/lunr-2.3.8.tgz",
      "integrity": "sha512-oxMeX/Y35PNFuZoHp+jUj5OSEmLCaIH4KTFJh7a93cHBoFmpw2IoPs22VIz7vyO2YUnx2Tn9dzIwO2P/4quIRg=="
    },
    "sql-extra": {
      "version": "0.1.13",
      "resolved": "https://registry.npmjs.org/sql-extra/-/sql-extra-0.1.13.tgz",
      "integrity": "sha512-TRuGNJPX7gMdNZFLkUZADtK7Lmqq1zeXf+56Mkj7XP8xCqm+jcFE80B94BsGXVNkdIexOPhHgwqI2kLRhbhSFg=="
    }
  }
}
